PODS:
  - Alamofire (4.8.1)
  - RxAtomic (4.4.1)
  - RxSwift (4.4.1):
    - RxAtomic (~> 4.4)
  - UInnKit (0.1.1):
    - UInnKit/IAP (= 0.1.1)
    - UInnKit/Network (= 0.1.1)
    - UInnKit/Utils (= 0.1.1)
  - UInnKit/IAP (0.1.1):
    - Alamofire
    - RxSwift
    - UInnKit/Utils
  - UInnKit/Network (0.1.1):
    - Alamofire
    - RxSwift
    - UInnKit/Utils
  - UInnKit/Utils (0.1.1)

DEPENDENCIES:
  - UInnKit (from `../`)

SPEC REPOS:
  https://github.com/cocoapods/specs.git:
    - Alamofire
    - RxAtomic
    - RxSwift

EXTERNAL SOURCES:
  UInnKit:
    :path: "../"

SPEC CHECKSUMS:
  Alamofire: 16ce2c353fb72865124ddae8a57c5942388f4f11
  RxAtomic: f8d6adc1ccb87a767811269e4875887bc74dbf19
  RxSwift: 92fcf68dfef21f3e2ab1965363d9e7b3d787597e
  UInnKit: 1f58bbea5e06f9f5d581f5740a47de5749bf034c

PODFILE CHECKSUM: 3628087699be2122bcf797d56f51516e16ea6381

COCOAPODS: 1.6.0.beta.2
